
Microsoft Visual Studio Solution File, Format Version 12.00
# Visual Studio Version 16
VisualStudioVersion = 16.0.31205.134
MinimumVisualStudioVersion = 10.0.40219.1
Project("{888888A0-9F3D-457C-B088-3A5042F75D52}") = "RemoveDups", "RemoveDups\RemoveDups.pyproj", "{AA58536A-1C2A-4FE7-A3A6-2056F0B905BE}"
EndProject
Global
	GlobalSection(SolutionConfigurationPlatforms) = preSolution
		Debug|Any CPU = Debug|Any CPU
		Release|Any CPU = Release|Any CPU
	EndGlobalSection
	GlobalSection(ProjectConfigurationPlatforms) = postSolution
		{AA58536A-1C2A-4FE7-A3A6-2056F0B905BE}.Debug|Any CPU.ActiveCfg = Debug|Any CPU
		{AA58536A-1C2A-4FE7-A3A6-2056F0B905BE}.Release|Any CPU.ActiveCfg = Release|Any CPU
	EndGlobalSection
	GlobalSection(SolutionProperties) = preSolution
		HideSolutionNode = FALSE
	EndGlobalSection
	GlobalSection(ExtensibilityGlobals) = postSolution
		SolutionGuid = {1EBA5DC5-7A31-468E-ACAB-97E787AE0015}
	EndGlobalSection
EndGlobal
